// !$*UTF8*$!
{
	archiveVersion = 1;
	classes = {
	};
	objectVersion = 55;
	objects = {

/* Begin PBXBuildFile section */
		40368E762840F567003BB2F4 /* Constants.swift in Sources */ = {isa = PBXBuildFile; fileRef = 40368E752840F567003BB2F4 /* Constants.swift */; };
		4036CBEC283FC5C800E1AA36 /* TestClassifiediOSApp.swift in Sources */ = {isa = PBXBuildFile; fileRef = 4036CBEB283FC5C800E1AA36 /* TestClassifiediOSApp.swift */; };
		4036CBEE283FC5C800E1AA36 /* ItemsListView.swift in Sources */ = {isa = PBXBuildFile; fileRef = 4036CBED283FC5C800E1AA36 /* ItemsListView.swift */; };
		4036CBF0283FC5C800E1AA36 /* Assets.xcassets in Resources */ = {isa = PBXBuildFile; fileRef = 4036CBEF283FC5C800E1AA36 /* Assets.xcassets */; };
		4036CBF3283FC5C800E1AA36 /* Preview Assets.xcassets in Resources */ = {isa = PBXBuildFile; fileRef = 4036CBF2283FC5C800E1AA36 /* Preview Assets.xcassets */; };
		4036CBFC283FC7B800E1AA36 /* Response.swift in Sources */ = {isa = PBXBuildFile; fileRef = 4036CBFB283FC7B800E1AA36 /* Response.swift */; };
		4036CBFE283FCADB00E1AA36 /* ItemDetailView.swift in Sources */ = {isa = PBXBuildFile; fileRef = 4036CBFD283FCADB00E1AA36 /* ItemDetailView.swift */; };
		4036CC04283FE88F00E1AA36 /* Extensions.swift in Sources */ = {isa = PBXBuildFile; fileRef = 4036CC03283FE88F00E1AA36 /* Extensions.swift */; };
		4036CC06283FEBFF00E1AA36 /* ItemsListView-ViewModel.swift in Sources */ = {isa = PBXBuildFile; fileRef = 4036CC05283FEBFF00E1AA36 /* ItemsListView-ViewModel.swift */; };
		4036CC08283FED4E00E1AA36 /* DetailView-ViewModel.swift in Sources */ = {isa = PBXBuildFile; fileRef = 4036CC07283FED4E00E1AA36 /* DetailView-ViewModel.swift */; };
/* End PBXBuildFile section */

/* Begin PBXFileReference section */
		40368E752840F567003BB2F4 /* Constants.swift */ = {isa = PBXFileReference; lastKnownFileType = sourcecode.swift; path = Constants.swift; sourceTree = "<group>"; };
		4036CBE8283FC5C800E1AA36 /* TestClassifiediOS.app */ = {isa = PBXFileReference; explicitFileType = wrapper.application; includeInIndex = 0; path = TestClassifiediOS.app; sourceTree = BUILT_PRODUCTS_DIR; };
		4036CBEB283FC5C800E1AA36 /* TestClassifiediOSApp.swift */ = {isa = PBXFileReference; lastKnownFileType = sourcecode.swift; path = TestClassifiediOSApp.swift; sourceTree = "<group>"; };
		4036CBED283FC5C800E1AA36 /* ItemsListView.swift */ = {isa = PBXFileReference; lastKnownFileType = sourcecode.swift; path = ItemsListView.swift; sourceTree = "<group>"; };
		4036CBEF283FC5C800E1AA36 /* Assets.xcassets */ = {isa = PBXFileReference; lastKnownFileType = folder.assetcatalog; path = Assets.xcassets; sourceTree = "<group>"; };
		4036CBF2283FC5C800E1AA36 /* Preview Assets.xcassets */ = {isa = PBXFileReference; lastKnownFileType = folder.assetcatalog; path = "Preview Assets.xcassets"; sourceTree = "<group>"; };
		4036CBFB283FC7B800E1AA36 /* Response.swift */ = {isa = PBXFileReference; lastKnownFileType = sourcecode.swift; path = Response.swift; sourceTree = "<group>"; };
		4036CBFD283FCADB00E1AA36 /* ItemDetailView.swift */ = {isa = PBXFileReference; lastKnownFileType = sourcecode.swift; path = ItemDetailView.swift; sourceTree = "<group>"; };
		4036CC03283FE88F00E1AA36 /* Extensions.swift */ = {isa = PBXFileReference; lastKnownFileType = sourcecode.swift; path = Extensions.swift; sourceTree = "<group>"; };
		4036CC05283FEBFF00E1AA36 /* ItemsListView-ViewModel.swift */ = {isa = PBXFileReference; lastKnownFileType = sourcecode.swift; path = "ItemsListView-ViewModel.swift"; sourceTree = "<group>"; };
		4036CC07283FED4E00E1AA36 /* DetailView-ViewModel.swift */ = {isa = PBXFileReference; lastKnownFileType = sourcecode.swift; path = "DetailView-ViewModel.swift"; sourceTree = "<group>"; };
/* End PBXFileReference section */

/* Begin PBXFrameworksBuildPhase section */
		4036CBE5283FC5C800E1AA36 /* Frameworks */ = {
			isa = PBXFrameworksBuildPhase;
			buildActionMask = 2147483647;
			files = (
			);
			runOnlyForDeploymentPostprocessing = 0;
		};
/* End PBXFrameworksBuildPhase section */

/* Begin PBXGroup section */
		40368E742840F556003BB2F4 /* Config */ = {
			isa = PBXGroup;
			children = (
				40368E752840F567003BB2F4 /* Constants.swift */,
			);
			path = Config;
			sourceTree = "<group>";
		};
		40368E772840F577003BB2F4 /* Core */ = {
			isa = PBXGroup;
			children = (
				40368E782840F589003BB2F4 /* ItemsList */,
				40368E7B2840F5EB003BB2F4 /* ItemDetail */,
			);
			path = Core;
			sourceTree = "<group>";
		};
		40368E782840F589003BB2F4 /* ItemsList */ = {
			isa = PBXGroup;
			children = (
				40368E7A2840F596003BB2F4 /* View */,
				40368E792840F58D003BB2F4 /* ViewModel */,
			);
			path = ItemsList;
			sourceTree = "<group>";
		};
		40368E792840F58D003BB2F4 /* ViewModel */ = {
			isa = PBXGroup;
			children = (
				4036CC05283FEBFF00E1AA36 /* ItemsListView-ViewModel.swift */,
			);
			path = ViewModel;
			sourceTree = "<group>";
		};
		40368E7A2840F596003BB2F4 /* View */ = {
			isa = PBXGroup;
			children = (
				4036CBED283FC5C800E1AA36 /* ItemsListView.swift */,
			);
			path = View;
			sourceTree = "<group>";
		};
		40368E7B2840F5EB003BB2F4 /* ItemDetail */ = {
			isa = PBXGroup;
			children = (
				40368E7D2840F608003BB2F4 /* ViewModel */,
				40368E7C2840F601003BB2F4 /* View */,
			);
			path = ItemDetail;
			sourceTree = "<group>";
		};
		40368E7C2840F601003BB2F4 /* View */ = {
			isa = PBXGroup;
			children = (
				4036CBFD283FCADB00E1AA36 /* ItemDetailView.swift */,
			);
			path = View;
			sourceTree = "<group>";
		};
		40368E7D2840F608003BB2F4 /* ViewModel */ = {
			isa = PBXGroup;
			children = (
				4036CC07283FED4E00E1AA36 /* DetailView-ViewModel.swift */,
			);
			path = ViewModel;
			sourceTree = "<group>";
		};
		4036CBDF283FC5C800E1AA36 = {
			isa = PBXGroup;
			children = (
				4036CBEA283FC5C800E1AA36 /* TestClassifiediOS */,
				4036CBE9283FC5C800E1AA36 /* Products */,
			);
			sourceTree = "<group>";
		};
		4036CBE9283FC5C800E1AA36 /* Products */ = {
			isa = PBXGroup;
			children = (
				4036CBE8283FC5C800E1AA36 /* TestClassifiediOS.app */,
			);
			name = Products;
			sourceTree = "<group>";
		};
		4036CBEA283FC5C800E1AA36 /* TestClassifiediOS */ = {
			isa = PBXGroup;
			children = (
				4036CBEB283FC5C800E1AA36 /* TestClassifiediOSApp.swift */,
				40368E772840F577003BB2F4 /* Core */,
				4036CC09283FEF0900E1AA36 /* Model */,
				40368E742840F556003BB2F4 /* Config */,
				4036CC0C283FEF2400E1AA36 /* Helpers */,
				4036CBEF283FC5C800E1AA36 /* Assets.xcassets */,
				4036CBF1283FC5C800E1AA36 /* Preview Content */,
			);
			path = TestClassifiediOS;
			sourceTree = "<group>";
		};
		4036CBF1283FC5C800E1AA36 /* Preview Content */ = {
			isa = PBXGroup;
			children = (
				4036CBF2283FC5C800E1AA36 /* Preview Assets.xcassets */,
			);
			path = "Preview Content";
			sourceTree = "<group>";
		};
		4036CC09283FEF0900E1AA36 /* Model */ = {
			isa = PBXGroup;
			children = (
				4036CBFB283FC7B800E1AA36 /* Response.swift */,
			);
			path = Model;
			sourceTree = "<group>";
		};
		4036CC0C283FEF2400E1AA36 /* Helpers */ = {
			isa = PBXGroup;
			children = (
				4036CC03283FE88F00E1AA36 /* Extensions.swift */,
			);
			path = Helpers;
			sourceTree = "<group>";
		};
/* End PBXGroup section */

/* Begin PBXNativeTarget section */
		4036CBE7283FC5C800E1AA36 /* TestClassifiediOS */ = {
			isa = PBXNativeTarget;
			buildConfigurationList = 4036CBF6283FC5C800E1AA36 /* Build configuration list for PBXNativeTarget "TestClassifiediOS" */;
			buildPhases = (
				4036CBE4283FC5C800E1AA36 /* Sources */,
				4036CBE5283FC5C800E1AA36 /* Frameworks */,
				4036CBE6283FC5C800E1AA36 /* Resources */,
			);
			buildRules = (
			);
			dependencies = (
			);
			name = TestClassifiediOS;
			productName = TestClassifiediOS;
			productReference = 4036CBE8283FC5C800E1AA36 /* TestClassifiediOS.app */;
			productType = "com.apple.product-type.application";
		};
/* End PBXNativeTarget section */

/* Begin PBXProject section */
		4036CBE0283FC5C800E1AA36 /* Project object */ = {
			isa = PBXProject;
			attributes = {
				BuildIndependentTargetsInParallel = 1;
				LastSwiftUpdateCheck = 1330;
				LastUpgradeCheck = 1330;
				TargetAttributes = {
					4036CBE7283FC5C800E1AA36 = {
						CreatedOnToolsVersion = 13.3.1;
					};
				};
			};
			buildConfigurationList = 4036CBE3283FC5C800E1AA36 /* Build configuration list for PBXProject "TestClassifiediOS" */;
			compatibilityVersion = "Xcode 13.0";
			developmentRegion = en;
			hasScannedForEncodings = 0;
			knownRegions = (
				en,
				Base,
			);
			mainGroup = 4036CBDF283FC5C800E1AA36;
			productRefGroup = 4036CBE9283FC5C800E1AA36 /* Products */;
			projectDirPath = "";
			projectRoot = "";
			targets = (
				4036CBE7283FC5C800E1AA36 /* TestClassifiediOS */,
			);
		};
/* End PBXProject section */

/* Begin PBXResourcesBuildPhase section */
		4036CBE6283FC5C800E1AA36 /* Resources */ = {
			isa = PBXResourcesBuildPhase;
			buildActionMask = 2147483647;
			files = (
				4036CBF3283FC5C800E1AA36 /* Preview Assets.xcassets in Resources */,
				4036CBF0283FC5C800E1AA36 /* Assets.xcassets in Resources */,
			);
			runOnlyForDeploymentPostprocessing = 0;
		};
/* End PBXResourcesBuildPhase section */

/* Begin PBXSourcesBuildPhase section */
		4036CBE4283FC5C800E1AA36 /* Sources */ = {
			isa = PBXSourcesBuildPhase;
			buildActionMask = 2147483647;
			files = (
				4036CBFC283FC7B800E1AA36 /* Response.swift in Sources */,
				4036CBEE283FC5C800E1AA36 /* ItemsListView.swift in Sources */,
				4036CC04283FE88F00E1AA36 /* Extensions.swift in Sources */,
				4036CC08283FED4E00E1AA36 /* DetailView-ViewModel.swift in Sources */,
				4036CBEC283FC5C800E1AA36 /* TestClassifiediOSApp.swift in Sources */,
				4036CC06283FEBFF00E1AA36 /* ItemsListView-ViewModel.swift in Sources */,
				4036CBFE283FCADB00E1AA36 /* ItemDetailView.swift in Sources */,
				40368E762840F567003BB2F4 /* Constants.swift in Sources */,
			);
			runOnlyForDeploymentPostprocessing = 0;
		};
/* End PBXSourcesBuildPhase section */

/* Begin XCBuildConfiguration section */
		4036CBF4283FC5C800E1AA36 /* Debug */ = {
			isa = XCBuildConfiguration;
			buildSettings = {
				ALWAYS_SEARCH_USER_PATHS = NO;
				CLANG_ANALYZER_NONNULL = YES;
				CLANG_ANALYZER_NUMBER_OBJECT_CONVERSION = YES_AGGRESSIVE;
				CLANG_CXX_LANGUAGE_STANDARD = "gnu++17";
				CLANG_ENABLE_MODULES = YES;
				CLANG_ENABLE_OBJC_ARC = YES;
				CLANG_ENABLE_OBJC_WEAK = YES;
				CLANG_WARN_BLOCK_CAPTURE_AUTORELEASING = YES;
				CLANG_WARN_BOOL_CONVERSION = YES;
				CLANG_WARN_COMMA = YES;
				CLANG_WARN_CONSTANT_CONVERSION = YES;
				CLANG_WARN_DEPRECATED_OBJC_IMPLEMENTATIONS = YES;
				CLANG_WARN_DIRECT_OBJC_ISA_USAGE = YES_ERROR;
				CLANG_WARN_DOCUMENTATION_COMMENTS = YES;
				CLANG_WARN_EMPTY_BODY = YES;
				CLANG_WARN_ENUM_CONVERSION = YES;
				CLANG_WARN_INFINITE_RECURSION = YES;
				CLANG_WARN_INT_CONVERSION = YES;
				CLANG_WARN_NON_LITERAL_NULL_CONVERSION = YES;
				CLANG_WARN_OBJC_IMPLICIT_RETAIN_SELF = YES;
				CLANG_WARN_OBJC_LITERAL_CONVERSION = YES;
				CLANG_WARN_OBJC_ROOT_CLASS = YES_ERROR;
				CLANG_WARN_QUOTED_INCLUDE_IN_FRAMEWORK_HEADER = YES;
				CLANG_WARN_RANGE_LOOP_ANALYSIS = YES;
				CLANG_WARN_STRICT_PROTOTYPES = YES;
				CLANG_WARN_SUSPICIOUS_MOVE = YES;
				CLANG_WARN_UNGUARDED_AVAILABILITY = YES_AGGRESSIVE;
				CLANG_WARN_UNREACHABLE_CODE = YES;
				CLANG_WARN__DUPLICATE_METHOD_MATCH = YES;
				COPY_PHASE_STRIP = NO;
				DEBUG_INFORMATION_FORMAT = dwarf;
				ENABLE_STRICT_OBJC_MSGSEND = YES;
				ENABLE_TESTABILITY = YES;
				GCC_C_LANGUAGE_STANDARD = gnu11;
				GCC_DYNAMIC_NO_PIC = NO;
				GCC_NO_COMMON_BLOCKS = YES;
				GCC_OPTIMIZATION_LEVEL = 0;
				GCC_PREPROCESSOR_DEFINITIONS = (
					"DEBUG=1",
					"$(inherited)",
				);
				GCC_WARN_64_TO_32_BIT_CONVERSION = YES;
				GCC_WARN_ABOUT_RETURN_TYPE = YES_ERROR;
				GCC_WARN_UNDECLARED_SELECTOR = YES;
				GCC_WARN_UNINITIALIZED_AUTOS = YES_AGGRESSIVE;
				GCC_WARN_UNUSED_FUNCTION = YES;
				GCC_WARN_UNUSED_VARIABLE = YES;
				IPHONEOS_DEPLOYMENT_TARGET = 15.4;
				MTL_ENABLE_DEBUG_INFO = INCLUDE_SOURCE;
				MTL_FAST_MATH = YES;
				ONLY_ACTIVE_ARCH = YES;
				SDKROOT = iphoneos;
				SWIFT_ACTIVE_COMPILATION_CONDITIONS = DEBUG;
				SWIFT_OPTIMIZATION_LEVEL = "-Onone";
			};
			name = Debug;
		};
		4036CBF5283FC5C800E1AA36 /* Release */ = {
			isa = XCBuildConfiguration;
			buildSettings = {
				ALWAYS_SEARCH_USER_PATHS = NO;
				CLANG_ANALYZER_NONNULL = YES;
				CLANG_ANALYZER_NUMBER_OBJECT_CONVERSION = YES_AGGRESSIVE;
				CLANG_CXX_LANGUAGE_STANDARD = "gnu++17";
				CLANG_ENABLE_MODULES = YES;
				CLANG_ENABLE_OBJC_ARC = YES;
				CLANG_ENABLE_OBJC_WEAK = YES;
				CLANG_WARN_BLOCK_CAPTURE_AUTORELEASING = YES;
				CLANG_WARN_BOOL_CONVERSION = YES;
				CLANG_WARN_COMMA = YES;
				CLANG_WARN_CONSTANT_CONVERSION = YES;
				CLANG_WARN_DEPRECATED_OBJC_IMPLEMENTATIONS = YES;
				CLANG_WARN_DIRECT_OBJC_ISA_USAGE = YES_ERROR;
				CLANG_WARN_DOCUMENTATION_COMMENTS = YES;
				CLANG_WARN_EMPTY_BODY = YES;
				CLANG_WARN_ENUM_CONVERSION = YES;
				CLANG_WARN_INFINITE_RECURSION = YES;
				CLANG_WARN_INT_CONVERSION = YES;
				CLANG_WARN_NON_LITERAL_NULL_CONVERSION = YES;
				CLANG_WARN_OBJC_IMPLICIT_RETAIN_SELF = YES;
				CLANG_WARN_OBJC_LITERAL_CONVERSION = YES;
				CLANG_WARN_OBJC_ROOT_CLASS = YES_ERROR;
				CLANG_WARN_QUOTED_INCLUDE_IN_FRAMEWORK_HEADER = YES;
				CLANG_WARN_RANGE_LOOP_ANALYSIS = YES;
				CLANG_WARN_STRICT_PROTOTYPES = YES;
				CLANG_WARN_SUSPICIOUS_MOVE = YES;
				CLANG_WARN_UNGUARDED_AVAILABILITY = YES_AGGRESSIVE;
				CLANG_WARN_UNREACHABLE_CODE = YES;
				CLANG_WARN__DUPLICATE_METHOD_MATCH = YES;
				COPY_PHASE_STRIP = NO;
				DEBUG_INFORMATION_FORMAT = "dwarf-with-dsym";
				ENABLE_NS_ASSERTIONS = NO;
				ENABLE_STRICT_OBJC_MSGSEND = YES;
				GCC_C_LANGUAGE_STANDARD = gnu11;
				GCC_NO_COMMON_BLOCKS = YES;
				GCC_WARN_64_TO_32_BIT_CONVERSION = YES;
				GCC_WARN_ABOUT_RETURN_TYPE = YES_ERROR;
				GCC_WARN_UNDECLARED_SELECTOR = YES;
				GCC_WARN_UNINITIALIZED_AUTOS = YES_AGGRESSIVE;
				GCC_WARN_UNUSED_FUNCTION = YES;
				GCC_WARN_UNUSED_VARIABLE = YES;
				IPHONEOS_DEPLOYMENT_TARGET = 15.4;
				MTL_ENABLE_DEBUG_INFO = NO;
				MTL_FAST_MATH = YES;
				SDKROOT = iphoneos;
				SWIFT_COMPILATION_MODE = wholemodule;
				SWIFT_OPTIMIZATION_LEVEL = "-O";
				VALIDATE_PRODUCT = YES;
			};
			name = Release;
		};
		4036CBF7283FC5C800E1AA36 /* Debug */ = {
			isa = XCBuildConfiguration;
			buildSettings = {
				ASSETCATALOG_COMPILER_APPICON_NAME = AppIcon;
				ASSETCATALOG_COMPILER_GLOBAL_ACCENT_COLOR_NAME = AccentColor;
				CODE_SIGN_STYLE = Automatic;
				CURRENT_PROJECT_VERSION = 1;
				DEVELOPMENT_ASSET_PATHS = "\"TestClassifiediOS/Preview Content\"";
				DEVELOPMENT_TEAM = 3D6T9YLT39;
				ENABLE_PREVIEWS = YES;
				GENERATE_INFOPLIST_FILE = YES;
				INFOPLIST_KEY_UIApplicationSceneManifest_Generation = YES;
				INFOPLIST_KEY_UIApplicationSupportsIndirectInputEvents = YES;
				INFOPLIST_KEY_UILaunchScreen_Generation = YES;
				INFOPLIST_KEY_UISupportedInterfaceOrientations_iPad = "UIInterfaceOrientationPortrait UIInterfaceOrientationPortraitUpsideDown UIInterfaceOrientationLandscapeLeft UIInterfaceOrientationLandscapeRight";
				INFOPLIST_KEY_UISupportedInterfaceOrientations_iPhone = "UIInterfaceOrientationPortrait UIInterfaceOrientationLandscapeLeft UIInterfaceOrientationLandscapeRight";
				LD_RUNPATH_SEARCH_PATHS = (
					"$(inherited)",
					"@executable_path/Frameworks",
				);
				MARKETING_VERSION = 1.0;
				PRODUCT_BUNDLE_IDENTIFIER = "Jenya-Korsun.TestClassifiediOS";
				PRODUCT_NAME = "$(TARGET_NAME)";
				SWIFT_EMIT_LOC_STRINGS = YES;
				SWIFT_VERSION = 5.0;
				TARGETED_DEVICE_FAMILY = "1,2";
			};
			name = Debug;
		};
		4036CBF8283FC5C800E1AA36 /* Release */ = {
			isa = XCBuildConfiguration;
			buildSettings = {
				ASSETCATALOG_COMPILER_APPICON_NAME = AppIcon;
				ASSETCATALOG_COMPILER_GLOBAL_ACCENT_COLOR_NAME = AccentColor;
				CODE_SIGN_STYLE = Automatic;
				CURRENT_PROJECT_VERSION = 1;
				DEVELOPMENT_ASSET_PATHS = "\"TestClassifiediOS/Preview Content\"";
				DEVELOPMENT_TEAM = 3D6T9YLT39;
				ENABLE_PREVIEWS = YES;
				GENERATE_INFOPLIST_FILE = YES;
				INFOPLIST_KEY_UIApplicationSceneManifest_Generation = YES;
				INFOPLIST_KEY_UIApplicationSupportsIndirectInputEvents = YES;
				INFOPLIST_KEY_UILaunchScreen_Generation = YES;
				INFOPLIST_KEY_UISupportedInterfaceOrientations_iPad = "UIInterfaceOrientationPortrait UIInterfaceOrientationPortraitUpsideDown UIInterfaceOrientationLandscapeLeft UIInterfaceOrientationLandscapeRight";
				INFOPLIST_KEY_UISupportedInterfaceOrientations_iPhone = "UIInterfaceOrientationPortrait UIInterfaceOrientationLandscapeLeft UIInterfaceOrientationLandscapeRight";
				LD_RUNPATH_SEARCH_PATHS = (
					"$(inherited)",
					"@executable_path/Frameworks",
				);
				MARKETING_VERSION = 1.0;
				PRODUCT_BUNDLE_IDENTIFIER = "Jenya-Korsun.TestClassifiediOS";
				PRODUCT_NAME = "$(TARGET_NAME)";
				SWIFT_EMIT_LOC_STRINGS = YES;
				SWIFT_VERSION = 5.0;
				TARGETED_DEVICE_FAMILY = "1,2";
			};
			name = Release;
		};
/* End XCBuildConfiguration section */

/* Begin XCConfigurationList section */
		4036CBE3283FC5C800E1AA36 /* Build configuration list for PBXProject "TestClassifiediOS" */ = {
			isa = XCConfigurationList;
			buildConfigurations = (
				4036CBF4283FC5C800E1AA36 /* Debug */,
				4036CBF5283FC5C800E1AA36 /* Release */,
			);
			defaultConfigurationIsVisible = 0;
			defaultConfigurationName = Release;
		};
		4036CBF6283FC5C800E1AA36 /* Build configuration list for PBXNativeTarget "TestClassifiediOS" */ = {
			isa = XCConfigurationList;
			buildConfigurations = (
				4036CBF7283FC5C800E1AA36 /* Debug */,
				4036CBF8283FC5C800E1AA36 /* Release */,
			);
			defaultConfigurationIsVisible = 0;
			defaultConfigurationName = Release;
		};
/* End XCConfigurationList section */
	};
	rootObject = 4036CBE0283FC5C800E1AA36 /* Project object */;
}
